
Microsoft Visual Studio Solution File, Format Version 12.00
# Visual Studio 15
VisualStudioVersion = 15.0.26124.0
MinimumVisualStudioVersion = 15.0.26124.0
Project("{FAE04EC0-301F-11D3-BF4B-00C04F79EFBC}") = "Day1", "Day1\Day1.csproj", "{494C622A-B3E5-456D-B8F1-B90F91DCBA15}"
EndProject
Project("{FAE04EC0-301F-11D3-BF4B-00C04F79EFBC}") = "Day2", "Day2\Day2.csproj", "{7496E56E-1C15-4211-B864-E4E81C3AB59E}"
EndProject
Project("{FAE04EC0-301F-11D3-BF4B-00C04F79EFBC}") = "Day3", "Day3\Day3.csproj", "{3D63B58D-A173-41C2-87FE-860E5E1F7F81}"
EndProject
Project("{FAE04EC0-301F-11D3-BF4B-00C04F79EFBC}") = "Day4", "Day4\Day4.csproj", "{025ECF5B-E3F0-4AE0-933A-C288E05A4481}"
EndProject
Project("{FAE04EC0-301F-11D3-BF4B-00C04F79EFBC}") = "Day5", "Day5\Day5.csproj", "{F8743A4A-59AD-411C-B242-24F4200D3BFE}"
EndProject
Project("{FAE04EC0-301F-11D3-BF4B-00C04F79EFBC}") = "Day6", "Day6\Day6.csproj", "{1A818B2D-A6E6-42F5-BDE8-F450F8D593A1}"
EndProject
Project("{FAE04EC0-301F-11D3-BF4B-00C04F79EFBC}") = "Day7", "Day7\Day7.csproj", "{D869E0E3-FE74-4B6E-BA03-11761EB361DA}"
EndProject
Project("{FAE04EC0-301F-11D3-BF4B-00C04F79EFBC}") = "Day8", "Day8\Day8.csproj", "{4641984A-F524-4E18-824E-D09736CB62B1}"
EndProject
Project("{FAE04EC0-301F-11D3-BF4B-00C04F79EFBC}") = "Day9", "Day9\Day9.csproj", "{080D8F71-4312-4A6F-B53B-E1D79125523D}"
EndProject
Project("{FAE04EC0-301F-11D3-BF4B-00C04F79EFBC}") = "Day10", "Day10\Day10.csproj", "{6E8027EB-CC93-42BF-9186-8E4E137111B2}"
EndProject
Project("{FAE04EC0-301F-11D3-BF4B-00C04F79EFBC}") = "Day12", "Day12\Day12.csproj", "{D0052689-8D69-4060-8B1B-D2DD1FAB9497}"
EndProject
Project("{FAE04EC0-301F-11D3-BF4B-00C04F79EFBC}") = "Day11", "Day11\Day11.csproj", "{D855DC48-A27B-427E-B2CB-47C5EE5B4253}"
EndProject
Project("{FAE04EC0-301F-11D3-BF4B-00C04F79EFBC}") = "Day13", "Day13\Day13.csproj", "{D9737E8E-7F17-4F0E-9423-810F70672AB1}"
EndProject
Project("{FAE04EC0-301F-11D3-BF4B-00C04F79EFBC}") = "Day14", "Day14\Day14.csproj", "{D09A4D2B-D7E8-406F-96EA-325BBE758409}"
EndProject
Project("{FAE04EC0-301F-11D3-BF4B-00C04F79EFBC}") = "Day15", "Day15\Day15.csproj", "{4880AE44-103C-447A-A7EF-CE45C94BF77D}"
EndProject
Project("{FAE04EC0-301F-11D3-BF4B-00C04F79EFBC}") = "Day16", "Day16\Day16.csproj", "{C458F417-E37C-489F-876E-768AD93E7E0C}"
EndProject
Project("{FAE04EC0-301F-11D3-BF4B-00C04F79EFBC}") = "Day17", "Day17\Day17.csproj", "{88CB985B-1DB2-4BCD-BA73-2178E0B82284}"
EndProject
Project("{FAE04EC0-301F-11D3-BF4B-00C04F79EFBC}") = "Day18", "Day18\Day18.csproj", "{11BD7F2B-D391-4BBC-B893-9F7B5C5D766E}"
EndProject
Project("{FAE04EC0-301F-11D3-BF4B-00C04F79EFBC}") = "Day19", "Day19\Day19.csproj", "{B06C6314-6819-4841-A9D6-A70522C98984}"
EndProject
Project("{FAE04EC0-301F-11D3-BF4B-00C04F79EFBC}") = "Day20", "Day20\Day20.csproj", "{D2123AFC-72AB-4049-80D2-047CA7FC5557}"
EndProject
Project("{FAE04EC0-301F-11D3-BF4B-00C04F79EFBC}") = "Day21", "Day21\Day21.csproj", "{BD87D17D-97ED-4DE5-8E9E-4AC372DB92AE}"
EndProject
Project("{FAE04EC0-301F-11D3-BF4B-00C04F79EFBC}") = "Day22", "Day22\Day22.csproj", "{199258AD-311C-4F50-A77B-0693D8CEAF86}"
EndProject
Project("{FAE04EC0-301F-11D3-BF4B-00C04F79EFBC}") = "Day23", "Day23\Day23.csproj", "{94C93F81-3C9C-4358-BABF-66061CB71D54}"
EndProject
Project("{FAE04EC0-301F-11D3-BF4B-00C04F79EFBC}") = "Day24", "Day24\Day24.csproj", "{4EDBACE6-A7C3-4180-A1D9-B48A0A2037A7}"
EndProject
Project("{FAE04EC0-301F-11D3-BF4B-00C04F79EFBC}") = "Day25", "Day25\Day25.csproj", "{B8CD1CB7-BF06-4FA7-9296-278E26403F76}"
EndProject
Global
	GlobalSection(SolutionConfigurationPlatforms) = preSolution
		Debug|Any CPU = Debug|Any CPU
		Debug|x64 = Debug|x64
		Debug|x86 = Debug|x86
		Release|Any CPU = Release|Any CPU
		Release|x64 = Release|x64
		Release|x86 = Release|x86
	EndGlobalSection
	GlobalSection(SolutionProperties) = preSolution
		HideSolutionNode = FALSE
	EndGlobalSection
	GlobalSection(ProjectConfigurationPlatforms) = postSolution
		{494C622A-B3E5-456D-B8F1-B90F91DCBA15}.Debug|Any CPU.ActiveCfg = Debug|Any CPU
		{494C622A-B3E5-456D-B8F1-B90F91DCBA15}.Debug|Any CPU.Build.0 = Debug|Any CPU
		{494C622A-B3E5-456D-B8F1-B90F91DCBA15}.Debug|x64.ActiveCfg = Debug|Any CPU
		{494C622A-B3E5-456D-B8F1-B90F91DCBA15}.Debug|x64.Build.0 = Debug|Any CPU
		{494C622A-B3E5-456D-B8F1-B90F91DCBA15}.Debug|x86.ActiveCfg = Debug|Any CPU
		{494C622A-B3E5-456D-B8F1-B90F91DCBA15}.Debug|x86.Build.0 = Debug|Any CPU
		{494C622A-B3E5-456D-B8F1-B90F91DCBA15}.Release|Any CPU.ActiveCfg = Release|Any CPU
		{494C622A-B3E5-456D-B8F1-B90F91DCBA15}.Release|Any CPU.Build.0 = Release|Any CPU
		{494C622A-B3E5-456D-B8F1-B90F91DCBA15}.Release|x64.ActiveCfg = Release|Any CPU
		{494C622A-B3E5-456D-B8F1-B90F91DCBA15}.Release|x64.Build.0 = Release|Any CPU
		{494C622A-B3E5-456D-B8F1-B90F91DCBA15}.Release|x86.ActiveCfg = Release|Any CPU
		{494C622A-B3E5-456D-B8F1-B90F91DCBA15}.Release|x86.Build.0 = Release|Any CPU
		{7496E56E-1C15-4211-B864-E4E81C3AB59E}.Debug|Any CPU.ActiveCfg = Debug|Any CPU
		{7496E56E-1C15-4211-B864-E4E81C3AB59E}.Debug|Any CPU.Build.0 = Debug|Any CPU
		{7496E56E-1C15-4211-B864-E4E81C3AB59E}.Debug|x64.ActiveCfg = Debug|Any CPU
		{7496E56E-1C15-4211-B864-E4E81C3AB59E}.Debug|x64.Build.0 = Debug|Any CPU
		{7496E56E-1C15-4211-B864-E4E81C3AB59E}.Debug|x86.ActiveCfg = Debug|Any CPU
		{7496E56E-1C15-4211-B864-E4E81C3AB59E}.Debug|x86.Build.0 = Debug|Any CPU
		{7496E56E-1C15-4211-B864-E4E81C3AB59E}.Release|Any CPU.ActiveCfg = Release|Any CPU
		{7496E56E-1C15-4211-B864-E4E81C3AB59E}.Release|Any CPU.Build.0 = Release|Any CPU
		{7496E56E-1C15-4211-B864-E4E81C3AB59E}.Release|x64.ActiveCfg = Release|Any CPU
		{7496E56E-1C15-4211-B864-E4E81C3AB59E}.Release|x64.Build.0 = Release|Any CPU
		{7496E56E-1C15-4211-B864-E4E81C3AB59E}.Release|x86.ActiveCfg = Release|Any CPU
		{7496E56E-1C15-4211-B864-E4E81C3AB59E}.Release|x86.Build.0 = Release|Any CPU
		{3D63B58D-A173-41C2-87FE-860E5E1F7F81}.Debug|Any CPU.ActiveCfg = Debug|Any CPU
		{3D63B58D-A173-41C2-87FE-860E5E1F7F81}.Debug|Any CPU.Build.0 = Debug|Any CPU
		{3D63B58D-A173-41C2-87FE-860E5E1F7F81}.Debug|x64.ActiveCfg = Debug|Any CPU
		{3D63B58D-A173-41C2-87FE-860E5E1F7F81}.Debug|x64.Build.0 = Debug|Any CPU
		{3D63B58D-A173-41C2-87FE-860E5E1F7F81}.Debug|x86.ActiveCfg = Debug|Any CPU
		{3D63B58D-A173-41C2-87FE-860E5E1F7F81}.Debug|x86.Build.0 = Debug|Any CPU
		{3D63B58D-A173-41C2-87FE-860E5E1F7F81}.Release|Any CPU.ActiveCfg = Release|Any CPU
		{3D63B58D-A173-41C2-87FE-860E5E1F7F81}.Release|Any CPU.Build.0 = Release|Any CPU
		{3D63B58D-A173-41C2-87FE-860E5E1F7F81}.Release|x64.ActiveCfg = Release|Any CPU
		{3D63B58D-A173-41C2-87FE-860E5E1F7F81}.Release|x64.Build.0 = Release|Any CPU
		{3D63B58D-A173-41C2-87FE-860E5E1F7F81}.Release|x86.ActiveCfg = Release|Any CPU
		{3D63B58D-A173-41C2-87FE-860E5E1F7F81}.Release|x86.Build.0 = Release|Any CPU
		{025ECF5B-E3F0-4AE0-933A-C288E05A4481}.Debug|Any CPU.ActiveCfg = Debug|Any CPU
		{025ECF5B-E3F0-4AE0-933A-C288E05A4481}.Debug|Any CPU.Build.0 = Debug|Any CPU
		{025ECF5B-E3F0-4AE0-933A-C288E05A4481}.Debug|x64.ActiveCfg = Debug|Any CPU
		{025ECF5B-E3F0-4AE0-933A-C288E05A4481}.Debug|x64.Build.0 = Debug|Any CPU
		{025ECF5B-E3F0-4AE0-933A-C288E05A4481}.Debug|x86.ActiveCfg = Debug|Any CPU
		{025ECF5B-E3F0-4AE0-933A-C288E05A4481}.Debug|x86.Build.0 = Debug|Any CPU
		{025ECF5B-E3F0-4AE0-933A-C288E05A4481}.Release|Any CPU.ActiveCfg = Release|Any CPU
		{025ECF5B-E3F0-4AE0-933A-C288E05A4481}.Release|Any CPU.Build.0 = Release|Any CPU
		{025ECF5B-E3F0-4AE0-933A-C288E05A4481}.Release|x64.ActiveCfg = Release|Any CPU
		{025ECF5B-E3F0-4AE0-933A-C288E05A4481}.Release|x64.Build.0 = Release|Any CPU
		{025ECF5B-E3F0-4AE0-933A-C288E05A4481}.Release|x86.ActiveCfg = Release|Any CPU
		{025ECF5B-E3F0-4AE0-933A-C288E05A4481}.Release|x86.Build.0 = Release|Any CPU
		{F8743A4A-59AD-411C-B242-24F4200D3BFE}.Debug|Any CPU.ActiveCfg = Debug|Any CPU
		{F8743A4A-59AD-411C-B242-24F4200D3BFE}.Debug|Any CPU.Build.0 = Debug|Any CPU
		{F8743A4A-59AD-411C-B242-24F4200D3BFE}.Debug|x64.ActiveCfg = Debug|Any CPU
		{F8743A4A-59AD-411C-B242-24F4200D3BFE}.Debug|x64.Build.0 = Debug|Any CPU
		{F8743A4A-59AD-411C-B242-24F4200D3BFE}.Debug|x86.ActiveCfg = Debug|Any CPU
		{F8743A4A-59AD-411C-B242-24F4200D3BFE}.Debug|x86.Build.0 = Debug|Any CPU
		{F8743A4A-59AD-411C-B242-24F4200D3BFE}.Release|Any CPU.ActiveCfg = Release|Any CPU
		{F8743A4A-59AD-411C-B242-24F4200D3BFE}.Release|Any CPU.Build.0 = Release|Any CPU
		{F8743A4A-59AD-411C-B242-24F4200D3BFE}.Release|x64.ActiveCfg = Release|Any CPU
		{F8743A4A-59AD-411C-B242-24F4200D3BFE}.Release|x64.Build.0 = Release|Any CPU
		{F8743A4A-59AD-411C-B242-24F4200D3BFE}.Release|x86.ActiveCfg = Release|Any CPU
		{F8743A4A-59AD-411C-B242-24F4200D3BFE}.Release|x86.Build.0 = Release|Any CPU
		{1A818B2D-A6E6-42F5-BDE8-F450F8D593A1}.Debug|Any CPU.ActiveCfg = Debug|Any CPU
		{1A818B2D-A6E6-42F5-BDE8-F450F8D593A1}.Debug|Any CPU.Build.0 = Debug|Any CPU
		{1A818B2D-A6E6-42F5-BDE8-F450F8D593A1}.Debug|x64.ActiveCfg = Debug|Any CPU
		{1A818B2D-A6E6-42F5-BDE8-F450F8D593A1}.Debug|x64.Build.0 = Debug|Any CPU
		{1A818B2D-A6E6-42F5-BDE8-F450F8D593A1}.Debug|x86.ActiveCfg = Debug|Any CPU
		{1A818B2D-A6E6-42F5-BDE8-F450F8D593A1}.Debug|x86.Build.0 = Debug|Any CPU
		{1A818B2D-A6E6-42F5-BDE8-F450F8D593A1}.Release|Any CPU.ActiveCfg = Release|Any CPU
		{1A818B2D-A6E6-42F5-BDE8-F450F8D593A1}.Release|Any CPU.Build.0 = Release|Any CPU
		{1A818B2D-A6E6-42F5-BDE8-F450F8D593A1}.Release|x64.ActiveCfg = Release|Any CPU
		{1A818B2D-A6E6-42F5-BDE8-F450F8D593A1}.Release|x64.Build.0 = Release|Any CPU
		{1A818B2D-A6E6-42F5-BDE8-F450F8D593A1}.Release|x86.ActiveCfg = Release|Any CPU
		{1A818B2D-A6E6-42F5-BDE8-F450F8D593A1}.Release|x86.Build.0 = Release|Any CPU
		{D869E0E3-FE74-4B6E-BA03-11761EB361DA}.Debug|Any CPU.ActiveCfg = Debug|Any CPU
		{D869E0E3-FE74-4B6E-BA03-11761EB361DA}.Debug|Any CPU.Build.0 = Debug|Any CPU
		{D869E0E3-FE74-4B6E-BA03-11761EB361DA}.Debug|x64.ActiveCfg = Debug|Any CPU
		{D869E0E3-FE74-4B6E-BA03-11761EB361DA}.Debug|x64.Build.0 = Debug|Any CPU
		{D869E0E3-FE74-4B6E-BA03-11761EB361DA}.Debug|x86.ActiveCfg = Debug|Any CPU
		{D869E0E3-FE74-4B6E-BA03-11761EB361DA}.Debug|x86.Build.0 = Debug|Any CPU
		{D869E0E3-FE74-4B6E-BA03-11761EB361DA}.Release|Any CPU.ActiveCfg = Release|Any CPU
		{D869E0E3-FE74-4B6E-BA03-11761EB361DA}.Release|Any CPU.Build.0 = Release|Any CPU
		{D869E0E3-FE74-4B6E-BA03-11761EB361DA}.Release|x64.ActiveCfg = Release|Any CPU
		{D869E0E3-FE74-4B6E-BA03-11761EB361DA}.Release|x64.Build.0 = Release|Any CPU
		{D869E0E3-FE74-4B6E-BA03-11761EB361DA}.Release|x86.ActiveCfg = Release|Any CPU
		{D869E0E3-FE74-4B6E-BA03-11761EB361DA}.Release|x86.Build.0 = Release|Any CPU
		{4641984A-F524-4E18-824E-D09736CB62B1}.Debug|Any CPU.ActiveCfg = Debug|Any CPU
		{4641984A-F524-4E18-824E-D09736CB62B1}.Debug|Any CPU.Build.0 = Debug|Any CPU
		{4641984A-F524-4E18-824E-D09736CB62B1}.Debug|x64.ActiveCfg = Debug|Any CPU
		{4641984A-F524-4E18-824E-D09736CB62B1}.Debug|x64.Build.0 = Debug|Any CPU
		{4641984A-F524-4E18-824E-D09736CB62B1}.Debug|x86.ActiveCfg = Debug|Any CPU
		{4641984A-F524-4E18-824E-D09736CB62B1}.Debug|x86.Build.0 = Debug|Any CPU
		{4641984A-F524-4E18-824E-D09736CB62B1}.Release|Any CPU.ActiveCfg = Release|Any CPU
		{4641984A-F524-4E18-824E-D09736CB62B1}.Release|Any CPU.Build.0 = Release|Any CPU
		{4641984A-F524-4E18-824E-D09736CB62B1}.Release|x64.ActiveCfg = Release|Any CPU
		{4641984A-F524-4E18-824E-D09736CB62B1}.Release|x64.Build.0 = Release|Any CPU
		{4641984A-F524-4E18-824E-D09736CB62B1}.Release|x86.ActiveCfg = Release|Any CPU
		{4641984A-F524-4E18-824E-D09736CB62B1}.Release|x86.Build.0 = Release|Any CPU
		{080D8F71-4312-4A6F-B53B-E1D79125523D}.Debug|Any CPU.ActiveCfg = Debug|Any CPU
		{080D8F71-4312-4A6F-B53B-E1D79125523D}.Debug|Any CPU.Build.0 = Debug|Any CPU
		{080D8F71-4312-4A6F-B53B-E1D79125523D}.Debug|x64.ActiveCfg = Debug|Any CPU
		{080D8F71-4312-4A6F-B53B-E1D79125523D}.Debug|x64.Build.0 = Debug|Any CPU
		{080D8F71-4312-4A6F-B53B-E1D79125523D}.Debug|x86.ActiveCfg = Debug|Any CPU
		{080D8F71-4312-4A6F-B53B-E1D79125523D}.Debug|x86.Build.0 = Debug|Any CPU
		{080D8F71-4312-4A6F-B53B-E1D79125523D}.Release|Any CPU.ActiveCfg = Release|Any CPU
		{080D8F71-4312-4A6F-B53B-E1D79125523D}.Release|Any CPU.Build.0 = Release|Any CPU
		{080D8F71-4312-4A6F-B53B-E1D79125523D}.Release|x64.ActiveCfg = Release|Any CPU
		{080D8F71-4312-4A6F-B53B-E1D79125523D}.Release|x64.Build.0 = Release|Any CPU
		{080D8F71-4312-4A6F-B53B-E1D79125523D}.Release|x86.ActiveCfg = Release|Any CPU
		{080D8F71-4312-4A6F-B53B-E1D79125523D}.Release|x86.Build.0 = Release|Any CPU
		{6E8027EB-CC93-42BF-9186-8E4E137111B2}.Debug|Any CPU.ActiveCfg = Debug|Any CPU
		{6E8027EB-CC93-42BF-9186-8E4E137111B2}.Debug|Any CPU.Build.0 = Debug|Any CPU
		{6E8027EB-CC93-42BF-9186-8E4E137111B2}.Debug|x64.ActiveCfg = Debug|Any CPU
		{6E8027EB-CC93-42BF-9186-8E4E137111B2}.Debug|x64.Build.0 = Debug|Any CPU
		{6E8027EB-CC93-42BF-9186-8E4E137111B2}.Debug|x86.ActiveCfg = Debug|Any CPU
		{6E8027EB-CC93-42BF-9186-8E4E137111B2}.Debug|x86.Build.0 = Debug|Any CPU
		{6E8027EB-CC93-42BF-9186-8E4E137111B2}.Release|Any CPU.ActiveCfg = Release|Any CPU
		{6E8027EB-CC93-42BF-9186-8E4E137111B2}.Release|Any CPU.Build.0 = Release|Any CPU
		{6E8027EB-CC93-42BF-9186-8E4E137111B2}.Release|x64.ActiveCfg = Release|Any CPU
		{6E8027EB-CC93-42BF-9186-8E4E137111B2}.Release|x64.Build.0 = Release|Any CPU
		{6E8027EB-CC93-42BF-9186-8E4E137111B2}.Release|x86.ActiveCfg = Release|Any CPU
		{6E8027EB-CC93-42BF-9186-8E4E137111B2}.Release|x86.Build.0 = Release|Any CPU
		{D0052689-8D69-4060-8B1B-D2DD1FAB9497}.Debug|Any CPU.ActiveCfg = Debug|Any CPU
		{D0052689-8D69-4060-8B1B-D2DD1FAB9497}.Debug|Any CPU.Build.0 = Debug|Any CPU
		{D0052689-8D69-4060-8B1B-D2DD1FAB9497}.Debug|x64.ActiveCfg = Debug|Any CPU
		{D0052689-8D69-4060-8B1B-D2DD1FAB9497}.Debug|x64.Build.0 = Debug|Any CPU
		{D0052689-8D69-4060-8B1B-D2DD1FAB9497}.Debug|x86.ActiveCfg = Debug|Any CPU
		{D0052689-8D69-4060-8B1B-D2DD1FAB9497}.Debug|x86.Build.0 = Debug|Any CPU
		{D0052689-8D69-4060-8B1B-D2DD1FAB9497}.Release|Any CPU.ActiveCfg = Release|Any CPU
		{D0052689-8D69-4060-8B1B-D2DD1FAB9497}.Release|Any CPU.Build.0 = Release|Any CPU
		{D0052689-8D69-4060-8B1B-D2DD1FAB9497}.Release|x64.ActiveCfg = Release|Any CPU
		{D0052689-8D69-4060-8B1B-D2DD1FAB9497}.Release|x64.Build.0 = Release|Any CPU
		{D0052689-8D69-4060-8B1B-D2DD1FAB9497}.Release|x86.ActiveCfg = Release|Any CPU
		{D0052689-8D69-4060-8B1B-D2DD1FAB9497}.Release|x86.Build.0 = Release|Any CPU
		{D855DC48-A27B-427E-B2CB-47C5EE5B4253}.Debug|Any CPU.ActiveCfg = Debug|Any CPU
		{D855DC48-A27B-427E-B2CB-47C5EE5B4253}.Debug|Any CPU.Build.0 = Debug|Any CPU
		{D855DC48-A27B-427E-B2CB-47C5EE5B4253}.Debug|x64.ActiveCfg = Debug|Any CPU
		{D855DC48-A27B-427E-B2CB-47C5EE5B4253}.Debug|x64.Build.0 = Debug|Any CPU
		{D855DC48-A27B-427E-B2CB-47C5EE5B4253}.Debug|x86.ActiveCfg = Debug|Any CPU
		{D855DC48-A27B-427E-B2CB-47C5EE5B4253}.Debug|x86.Build.0 = Debug|Any CPU
		{D855DC48-A27B-427E-B2CB-47C5EE5B4253}.Release|Any CPU.ActiveCfg = Release|Any CPU
		{D855DC48-A27B-427E-B2CB-47C5EE5B4253}.Release|Any CPU.Build.0 = Release|Any CPU
		{D855DC48-A27B-427E-B2CB-47C5EE5B4253}.Release|x64.ActiveCfg = Release|Any CPU
		{D855DC48-A27B-427E-B2CB-47C5EE5B4253}.Release|x64.Build.0 = Release|Any CPU
		{D855DC48-A27B-427E-B2CB-47C5EE5B4253}.Release|x86.ActiveCfg = Release|Any CPU
		{D855DC48-A27B-427E-B2CB-47C5EE5B4253}.Release|x86.Build.0 = Release|Any CPU
		{D9737E8E-7F17-4F0E-9423-810F70672AB1}.Debug|Any CPU.ActiveCfg = Debug|Any CPU
		{D9737E8E-7F17-4F0E-9423-810F70672AB1}.Debug|Any CPU.Build.0 = Debug|Any CPU
		{D9737E8E-7F17-4F0E-9423-810F70672AB1}.Debug|x64.ActiveCfg = Debug|Any CPU
		{D9737E8E-7F17-4F0E-9423-810F70672AB1}.Debug|x64.Build.0 = Debug|Any CPU
		{D9737E8E-7F17-4F0E-9423-810F70672AB1}.Debug|x86.ActiveCfg = Debug|Any CPU
		{D9737E8E-7F17-4F0E-9423-810F70672AB1}.Debug|x86.Build.0 = Debug|Any CPU
		{D9737E8E-7F17-4F0E-9423-810F70672AB1}.Release|Any CPU.ActiveCfg = Release|Any CPU
		{D9737E8E-7F17-4F0E-9423-810F70672AB1}.Release|Any CPU.Build.0 = Release|Any CPU
		{D9737E8E-7F17-4F0E-9423-810F70672AB1}.Release|x64.ActiveCfg = Release|Any CPU
		{D9737E8E-7F17-4F0E-9423-810F70672AB1}.Release|x64.Build.0 = Release|Any CPU
		{D9737E8E-7F17-4F0E-9423-810F70672AB1}.Release|x86.ActiveCfg = Release|Any CPU
		{D9737E8E-7F17-4F0E-9423-810F70672AB1}.Release|x86.Build.0 = Release|Any CPU
		{D09A4D2B-D7E8-406F-96EA-325BBE758409}.Debug|Any CPU.ActiveCfg = Debug|Any CPU
		{D09A4D2B-D7E8-406F-96EA-325BBE758409}.Debug|Any CPU.Build.0 = Debug|Any CPU
		{D09A4D2B-D7E8-406F-96EA-325BBE758409}.Debug|x64.ActiveCfg = Debug|Any CPU
		{D09A4D2B-D7E8-406F-96EA-325BBE758409}.Debug|x64.Build.0 = Debug|Any CPU
		{D09A4D2B-D7E8-406F-96EA-325BBE758409}.Debug|x86.ActiveCfg = Debug|Any CPU
		{D09A4D2B-D7E8-406F-96EA-325BBE758409}.Debug|x86.Build.0 = Debug|Any CPU
		{D09A4D2B-D7E8-406F-96EA-325BBE758409}.Release|Any CPU.ActiveCfg = Release|Any CPU
		{D09A4D2B-D7E8-406F-96EA-325BBE758409}.Release|Any CPU.Build.0 = Release|Any CPU
		{D09A4D2B-D7E8-406F-96EA-325BBE758409}.Release|x64.ActiveCfg = Release|Any CPU
		{D09A4D2B-D7E8-406F-96EA-325BBE758409}.Release|x64.Build.0 = Release|Any CPU
		{D09A4D2B-D7E8-406F-96EA-325BBE758409}.Release|x86.ActiveCfg = Release|Any CPU
		{D09A4D2B-D7E8-406F-96EA-325BBE758409}.Release|x86.Build.0 = Release|Any CPU
		{4880AE44-103C-447A-A7EF-CE45C94BF77D}.Debug|Any CPU.ActiveCfg = Debug|Any CPU
		{4880AE44-103C-447A-A7EF-CE45C94BF77D}.Debug|Any CPU.Build.0 = Debug|Any CPU
		{4880AE44-103C-447A-A7EF-CE45C94BF77D}.Debug|x64.ActiveCfg = Debug|Any CPU
		{4880AE44-103C-447A-A7EF-CE45C94BF77D}.Debug|x64.Build.0 = Debug|Any CPU
		{4880AE44-103C-447A-A7EF-CE45C94BF77D}.Debug|x86.ActiveCfg = Debug|Any CPU
		{4880AE44-103C-447A-A7EF-CE45C94BF77D}.Debug|x86.Build.0 = Debug|Any CPU
		{4880AE44-103C-447A-A7EF-CE45C94BF77D}.Release|Any CPU.ActiveCfg = Release|Any CPU
		{4880AE44-103C-447A-A7EF-CE45C94BF77D}.Release|Any CPU.Build.0 = Release|Any CPU
		{4880AE44-103C-447A-A7EF-CE45C94BF77D}.Release|x64.ActiveCfg = Release|Any CPU
		{4880AE44-103C-447A-A7EF-CE45C94BF77D}.Release|x64.Build.0 = Release|Any CPU
		{4880AE44-103C-447A-A7EF-CE45C94BF77D}.Release|x86.ActiveCfg = Release|Any CPU
		{4880AE44-103C-447A-A7EF-CE45C94BF77D}.Release|x86.Build.0 = Release|Any CPU
		{C458F417-E37C-489F-876E-768AD93E7E0C}.Debug|Any CPU.ActiveCfg = Debug|Any CPU
		{C458F417-E37C-489F-876E-768AD93E7E0C}.Debug|Any CPU.Build.0 = Debug|Any CPU
		{C458F417-E37C-489F-876E-768AD93E7E0C}.Debug|x64.ActiveCfg = Debug|Any CPU
		{C458F417-E37C-489F-876E-768AD93E7E0C}.Debug|x64.Build.0 = Debug|Any CPU
		{C458F417-E37C-489F-876E-768AD93E7E0C}.Debug|x86.ActiveCfg = Debug|Any CPU
		{C458F417-E37C-489F-876E-768AD93E7E0C}.Debug|x86.Build.0 = Debug|Any CPU
		{C458F417-E37C-489F-876E-768AD93E7E0C}.Release|Any CPU.ActiveCfg = Release|Any CPU
		{C458F417-E37C-489F-876E-768AD93E7E0C}.Release|Any CPU.Build.0 = Release|Any CPU
		{C458F417-E37C-489F-876E-768AD93E7E0C}.Release|x64.ActiveCfg = Release|Any CPU
		{C458F417-E37C-489F-876E-768AD93E7E0C}.Release|x64.Build.0 = Release|Any CPU
		{C458F417-E37C-489F-876E-768AD93E7E0C}.Release|x86.ActiveCfg = Release|Any CPU
		{C458F417-E37C-489F-876E-768AD93E7E0C}.Release|x86.Build.0 = Release|Any CPU
		{88CB985B-1DB2-4BCD-BA73-2178E0B82284}.Debug|Any CPU.ActiveCfg = Debug|Any CPU
		{88CB985B-1DB2-4BCD-BA73-2178E0B82284}.Debug|Any CPU.Build.0 = Debug|Any CPU
		{88CB985B-1DB2-4BCD-BA73-2178E0B82284}.Debug|x64.ActiveCfg = Debug|Any CPU
		{88CB985B-1DB2-4BCD-BA73-2178E0B82284}.Debug|x64.Build.0 = Debug|Any CPU
		{88CB985B-1DB2-4BCD-BA73-2178E0B82284}.Debug|x86.ActiveCfg = Debug|Any CPU
		{88CB985B-1DB2-4BCD-BA73-2178E0B82284}.Debug|x86.Build.0 = Debug|Any CPU
		{88CB985B-1DB2-4BCD-BA73-2178E0B82284}.Release|Any CPU.ActiveCfg = Release|Any CPU
		{88CB985B-1DB2-4BCD-BA73-2178E0B82284}.Release|Any CPU.Build.0 = Release|Any CPU
		{88CB985B-1DB2-4BCD-BA73-2178E0B82284}.Release|x64.ActiveCfg = Release|Any CPU
		{88CB985B-1DB2-4BCD-BA73-2178E0B82284}.Release|x64.Build.0 = Release|Any CPU
		{88CB985B-1DB2-4BCD-BA73-2178E0B82284}.Release|x86.ActiveCfg = Release|Any CPU
		{88CB985B-1DB2-4BCD-BA73-2178E0B82284}.Release|x86.Build.0 = Release|Any CPU
		{11BD7F2B-D391-4BBC-B893-9F7B5C5D766E}.Debug|Any CPU.ActiveCfg = Debug|Any CPU
		{11BD7F2B-D391-4BBC-B893-9F7B5C5D766E}.Debug|Any CPU.Build.0 = Debug|Any CPU
		{11BD7F2B-D391-4BBC-B893-9F7B5C5D766E}.Debug|x64.ActiveCfg = Debug|Any CPU
		{11BD7F2B-D391-4BBC-B893-9F7B5C5D766E}.Debug|x64.Build.0 = Debug|Any CPU
		{11BD7F2B-D391-4BBC-B893-9F7B5C5D766E}.Debug|x86.ActiveCfg = Debug|Any CPU
		{11BD7F2B-D391-4BBC-B893-9F7B5C5D766E}.Debug|x86.Build.0 = Debug|Any CPU
		{11BD7F2B-D391-4BBC-B893-9F7B5C5D766E}.Release|Any CPU.ActiveCfg = Release|Any CPU
		{11BD7F2B-D391-4BBC-B893-9F7B5C5D766E}.Release|Any CPU.Build.0 = Release|Any CPU
		{11BD7F2B-D391-4BBC-B893-9F7B5C5D766E}.Release|x64.ActiveCfg = Release|Any CPU
		{11BD7F2B-D391-4BBC-B893-9F7B5C5D766E}.Release|x64.Build.0 = Release|Any CPU
		{11BD7F2B-D391-4BBC-B893-9F7B5C5D766E}.Release|x86.ActiveCfg = Release|Any CPU
		{11BD7F2B-D391-4BBC-B893-9F7B5C5D766E}.Release|x86.Build.0 = Release|Any CPU
		{B06C6314-6819-4841-A9D6-A70522C98984}.Debug|Any CPU.ActiveCfg = Debug|Any CPU
		{B06C6314-6819-4841-A9D6-A70522C98984}.Debug|Any CPU.Build.0 = Debug|Any CPU
		{B06C6314-6819-4841-A9D6-A70522C98984}.Debug|x64.ActiveCfg = Debug|Any CPU
		{B06C6314-6819-4841-A9D6-A70522C98984}.Debug|x64.Build.0 = Debug|Any CPU
		{B06C6314-6819-4841-A9D6-A70522C98984}.Debug|x86.ActiveCfg = Debug|Any CPU
		{B06C6314-6819-4841-A9D6-A70522C98984}.Debug|x86.Build.0 = Debug|Any CPU
		{B06C6314-6819-4841-A9D6-A70522C98984}.Release|Any CPU.ActiveCfg = Release|Any CPU
		{B06C6314-6819-4841-A9D6-A70522C98984}.Release|Any CPU.Build.0 = Release|Any CPU
		{B06C6314-6819-4841-A9D6-A70522C98984}.Release|x64.ActiveCfg = Release|Any CPU
		{B06C6314-6819-4841-A9D6-A70522C98984}.Release|x64.Build.0 = Release|Any CPU
		{B06C6314-6819-4841-A9D6-A70522C98984}.Release|x86.ActiveCfg = Release|Any CPU
		{B06C6314-6819-4841-A9D6-A70522C98984}.Release|x86.Build.0 = Release|Any CPU
		{D2123AFC-72AB-4049-80D2-047CA7FC5557}.Debug|Any CPU.ActiveCfg = Debug|Any CPU
		{D2123AFC-72AB-4049-80D2-047CA7FC5557}.Debug|Any CPU.Build.0 = Debug|Any CPU
		{D2123AFC-72AB-4049-80D2-047CA7FC5557}.Debug|x64.ActiveCfg = Debug|Any CPU
		{D2123AFC-72AB-4049-80D2-047CA7FC5557}.Debug|x64.Build.0 = Debug|Any CPU
		{D2123AFC-72AB-4049-80D2-047CA7FC5557}.Debug|x86.ActiveCfg = Debug|Any CPU
		{D2123AFC-72AB-4049-80D2-047CA7FC5557}.Debug|x86.Build.0 = Debug|Any CPU
		{D2123AFC-72AB-4049-80D2-047CA7FC5557}.Release|Any CPU.ActiveCfg = Release|Any CPU
		{D2123AFC-72AB-4049-80D2-047CA7FC5557}.Release|Any CPU.Build.0 = Release|Any CPU
		{D2123AFC-72AB-4049-80D2-047CA7FC5557}.Release|x64.ActiveCfg = Release|Any CPU
		{D2123AFC-72AB-4049-80D2-047CA7FC5557}.Release|x64.Build.0 = Release|Any CPU
		{D2123AFC-72AB-4049-80D2-047CA7FC5557}.Release|x86.ActiveCfg = Release|Any CPU
		{D2123AFC-72AB-4049-80D2-047CA7FC5557}.Release|x86.Build.0 = Release|Any CPU
		{BD87D17D-97ED-4DE5-8E9E-4AC372DB92AE}.Debug|Any CPU.ActiveCfg = Debug|Any CPU
		{BD87D17D-97ED-4DE5-8E9E-4AC372DB92AE}.Debug|Any CPU.Build.0 = Debug|Any CPU
		{BD87D17D-97ED-4DE5-8E9E-4AC372DB92AE}.Debug|x64.ActiveCfg = Debug|Any CPU
		{BD87D17D-97ED-4DE5-8E9E-4AC372DB92AE}.Debug|x64.Build.0 = Debug|Any CPU
		{BD87D17D-97ED-4DE5-8E9E-4AC372DB92AE}.Debug|x86.ActiveCfg = Debug|Any CPU
		{BD87D17D-97ED-4DE5-8E9E-4AC372DB92AE}.Debug|x86.Build.0 = Debug|Any CPU
		{BD87D17D-97ED-4DE5-8E9E-4AC372DB92AE}.Release|Any CPU.ActiveCfg = Release|Any CPU
		{BD87D17D-97ED-4DE5-8E9E-4AC372DB92AE}.Release|Any CPU.Build.0 = Release|Any CPU
		{BD87D17D-97ED-4DE5-8E9E-4AC372DB92AE}.Release|x64.ActiveCfg = Release|Any CPU
		{BD87D17D-97ED-4DE5-8E9E-4AC372DB92AE}.Release|x64.Build.0 = Release|Any CPU
		{BD87D17D-97ED-4DE5-8E9E-4AC372DB92AE}.Release|x86.ActiveCfg = Release|Any CPU
		{BD87D17D-97ED-4DE5-8E9E-4AC372DB92AE}.Release|x86.Build.0 = Release|Any CPU
		{199258AD-311C-4F50-A77B-0693D8CEAF86}.Debug|Any CPU.ActiveCfg = Debug|Any CPU
		{199258AD-311C-4F50-A77B-0693D8CEAF86}.Debug|Any CPU.Build.0 = Debug|Any CPU
		{199258AD-311C-4F50-A77B-0693D8CEAF86}.Debug|x64.ActiveCfg = Debug|Any CPU
		{199258AD-311C-4F50-A77B-0693D8CEAF86}.Debug|x64.Build.0 = Debug|Any CPU
		{199258AD-311C-4F50-A77B-0693D8CEAF86}.Debug|x86.ActiveCfg = Debug|Any CPU
		{199258AD-311C-4F50-A77B-0693D8CEAF86}.Debug|x86.Build.0 = Debug|Any CPU
		{199258AD-311C-4F50-A77B-0693D8CEAF86}.Release|Any CPU.ActiveCfg = Release|Any CPU
		{199258AD-311C-4F50-A77B-0693D8CEAF86}.Release|Any CPU.Build.0 = Release|Any CPU
		{199258AD-311C-4F50-A77B-0693D8CEAF86}.Release|x64.ActiveCfg = Release|Any CPU
		{199258AD-311C-4F50-A77B-0693D8CEAF86}.Release|x64.Build.0 = Release|Any CPU
		{199258AD-311C-4F50-A77B-0693D8CEAF86}.Release|x86.ActiveCfg = Release|Any CPU
		{199258AD-311C-4F50-A77B-0693D8CEAF86}.Release|x86.Build.0 = Release|Any CPU
		{94C93F81-3C9C-4358-BABF-66061CB71D54}.Debug|Any CPU.ActiveCfg = Debug|Any CPU
		{94C93F81-3C9C-4358-BABF-66061CB71D54}.Debug|Any CPU.Build.0 = Debug|Any CPU
		{94C93F81-3C9C-4358-BABF-66061CB71D54}.Debug|x64.ActiveCfg = Debug|Any CPU
		{94C93F81-3C9C-4358-BABF-66061CB71D54}.Debug|x64.Build.0 = Debug|Any CPU
		{94C93F81-3C9C-4358-BABF-66061CB71D54}.Debug|x86.ActiveCfg = Debug|Any CPU
		{94C93F81-3C9C-4358-BABF-66061CB71D54}.Debug|x86.Build.0 = Debug|Any CPU
		{94C93F81-3C9C-4358-BABF-66061CB71D54}.Release|Any CPU.ActiveCfg = Release|Any CPU
		{94C93F81-3C9C-4358-BABF-66061CB71D54}.Release|Any CPU.Build.0 = Release|Any CPU
		{94C93F81-3C9C-4358-BABF-66061CB71D54}.Release|x64.ActiveCfg = Release|Any CPU
		{94C93F81-3C9C-4358-BABF-66061CB71D54}.Release|x64.Build.0 = Release|Any CPU
		{94C93F81-3C9C-4358-BABF-66061CB71D54}.Release|x86.ActiveCfg = Release|Any CPU
		{94C93F81-3C9C-4358-BABF-66061CB71D54}.Release|x86.Build.0 = Release|Any CPU
		{4EDBACE6-A7C3-4180-A1D9-B48A0A2037A7}.Debug|Any CPU.ActiveCfg = Debug|Any CPU
		{4EDBACE6-A7C3-4180-A1D9-B48A0A2037A7}.Debug|Any CPU.Build.0 = Debug|Any CPU
		{4EDBACE6-A7C3-4180-A1D9-B48A0A2037A7}.Debug|x64.ActiveCfg = Debug|Any CPU
		{4EDBACE6-A7C3-4180-A1D9-B48A0A2037A7}.Debug|x64.Build.0 = Debug|Any CPU
		{4EDBACE6-A7C3-4180-A1D9-B48A0A2037A7}.Debug|x86.ActiveCfg = Debug|Any CPU
		{4EDBACE6-A7C3-4180-A1D9-B48A0A2037A7}.Debug|x86.Build.0 = Debug|Any CPU
		{4EDBACE6-A7C3-4180-A1D9-B48A0A2037A7}.Release|Any CPU.ActiveCfg = Release|Any CPU
		{4EDBACE6-A7C3-4180-A1D9-B48A0A2037A7}.Release|Any CPU.Build.0 = Release|Any CPU
		{4EDBACE6-A7C3-4180-A1D9-B48A0A2037A7}.Release|x64.ActiveCfg = Release|Any CPU
		{4EDBACE6-A7C3-4180-A1D9-B48A0A2037A7}.Release|x64.Build.0 = Release|Any CPU
		{4EDBACE6-A7C3-4180-A1D9-B48A0A2037A7}.Release|x86.ActiveCfg = Release|Any CPU
		{4EDBACE6-A7C3-4180-A1D9-B48A0A2037A7}.Release|x86.Build.0 = Release|Any CPU
		{B8CD1CB7-BF06-4FA7-9296-278E26403F76}.Debug|Any CPU.ActiveCfg = Debug|Any CPU
		{B8CD1CB7-BF06-4FA7-9296-278E26403F76}.Debug|Any CPU.Build.0 = Debug|Any CPU
		{B8CD1CB7-BF06-4FA7-9296-278E26403F76}.Debug|x64.ActiveCfg = Debug|Any CPU
		{B8CD1CB7-BF06-4FA7-9296-278E26403F76}.Debug|x64.Build.0 = Debug|Any CPU
		{B8CD1CB7-BF06-4FA7-9296-278E26403F76}.Debug|x86.ActiveCfg = Debug|Any CPU
		{B8CD1CB7-BF06-4FA7-9296-278E26403F76}.Debug|x86.Build.0 = Debug|Any CPU
		{B8CD1CB7-BF06-4FA7-9296-278E26403F76}.Release|Any CPU.ActiveCfg = Release|Any CPU
		{B8CD1CB7-BF06-4FA7-9296-278E26403F76}.Release|Any CPU.Build.0 = Release|Any CPU
		{B8CD1CB7-BF06-4FA7-9296-278E26403F76}.Release|x64.ActiveCfg = Release|Any CPU
		{B8CD1CB7-BF06-4FA7-9296-278E26403F76}.Release|x64.Build.0 = Release|Any CPU
		{B8CD1CB7-BF06-4FA7-9296-278E26403F76}.Release|x86.ActiveCfg = Release|Any CPU
		{B8CD1CB7-BF06-4FA7-9296-278E26403F76}.Release|x86.Build.0 = Release|Any CPU
	EndGlobalSection
EndGlobal
